
Microsoft Visual Studio Solution File, Format Version 12.00
# Visual Studio Version 16
VisualStudioVersion = 16.0.31005.135
MinimumVisualStudioVersion = 10.0.40219.1
Project("{FAE04EC0-301F-11D3-BF4B-00C04F79EFBC}") = "OOP-SQL", "OOP-SQL\OOP-SQL.csproj", "{909CBBE7-0F04-4300-9B2D-824F2FC0CC9A}"
EndProject
Global
	GlobalSection(SolutionConfigurationPlatforms) = preSolution
		Debug|Any CPU = Debug|Any CPU
		Release|Any CPU = Release|Any CPU
	EndGlobalSection
	GlobalSection(ProjectConfigurationPlatforms) = postSolution
		{909CBBE7-0F04-4300-9B2D-824F2FC0CC9A}.Debug|Any CPU.ActiveCfg = Debug|Any CPU
		{909CBBE7-0F04-4300-9B2D-824F2FC0CC9A}.Debug|Any CPU.Build.0 = Debug|Any CPU
		{909CBBE7-0F04-4300-9B2D-824F2FC0CC9A}.Release|Any CPU.ActiveCfg = Release|Any CPU
		{909CBBE7-0F04-4300-9B2D-824F2FC0CC9A}.Release|Any CPU.Build.0 = Release|Any CPU
	EndGlobalSection
	GlobalSection(SolutionProperties) = preSolution
		HideSolutionNode = FALSE
	EndGlobalSection
	GlobalSection(ExtensibilityGlobals) = postSolution
		SolutionGuid = {50CEAE0D-C79C-4D73-BCAF-0E6391323D6A}
	EndGlobalSection
EndGlobal
